
Microsoft Visual Studio Solution File, Format Version 12.00
# Visual Studio Version 17
VisualStudioVersion = 17.1.32210.238
MinimumVisualStudioVersion = 10.0.40219.1
Project("{FAE04EC0-301F-11D3-BF4B-00C04F79EFBC}") = "ConsoleApp7while", "ConsoleApp7while\ConsoleApp7while.csproj", "{B233A641-31BE-4CCF-86F6-73D397AC2798}"
EndProject
Global
	GlobalSection(SolutionConfigurationPlatforms) = preSolution
		Debug|Any CPU = Debug|Any CPU
		Release|Any CPU = Release|Any CPU
	EndGlobalSection
	GlobalSection(ProjectConfigurationPlatforms) = postSolution
		{B233A641-31BE-4CCF-86F6-73D397AC2798}.Debug|Any CPU.ActiveCfg = Debug|Any CPU
		{B233A641-31BE-4CCF-86F6-73D397AC2798}.Debug|Any CPU.Build.0 = Debug|Any CPU
		{B233A641-31BE-4CCF-86F6-73D397AC2798}.Release|Any CPU.ActiveCfg = Release|Any CPU
		{B233A641-31BE-4CCF-86F6-73D397AC2798}.Release|Any CPU.Build.0 = Release|Any CPU
	EndGlobalSection
	GlobalSection(SolutionProperties) = preSolution
		HideSolutionNode = FALSE
	EndGlobalSection
	GlobalSection(ExtensibilityGlobals) = postSolution
		SolutionGuid = {13F9AB9E-67DC-4D37-B7B2-7EA50D3BD6C3}
	EndGlobalSection
EndGlobal
